
Microsoft Visual Studio Solution File, Format Version 12.00
# Visual Studio Version 17
VisualStudioVersion = 17.8.34525.116
MinimumVisualStudioVersion = 10.0.40219.1
Project("{FAE04EC0-301F-11D3-BF4B-00C04F79EFBC}") = "AppMenu", "AppMenu.csproj", "{0252876C-9F0C-441B-98CB-E112BA6F7D77}"
EndProject
Global
	GlobalSection(SolutionConfigurationPlatforms) = preSolution
		Debug|Any CPU = Debug|Any CPU
		Release|Any CPU = Release|Any CPU
	EndGlobalSection
	GlobalSection(ProjectConfigurationPlatforms) = postSolution
		{0252876C-9F0C-441B-98CB-E112BA6F7D77}.Debug|Any CPU.ActiveCfg = Debug|Any CPU
		{0252876C-9F0C-441B-98CB-E112BA6F7D77}.Debug|Any CPU.Build.0 = Debug|Any CPU
		{0252876C-9F0C-441B-98CB-E112BA6F7D77}.Debug|Any CPU.Deploy.0 = Debug|Any CPU
		{0252876C-9F0C-441B-98CB-E112BA6F7D77}.Release|Any CPU.ActiveCfg = Release|Any CPU
		{0252876C-9F0C-441B-98CB-E112BA6F7D77}.Release|Any CPU.Build.0 = Release|Any CPU
		{0252876C-9F0C-441B-98CB-E112BA6F7D77}.Release|Any CPU.Deploy.0 = Release|Any CPU
	EndGlobalSection
	GlobalSection(SolutionProperties) = preSolution
		HideSolutionNode = FALSE
	EndGlobalSection
	GlobalSection(ExtensibilityGlobals) = postSolution
		SolutionGuid = {5BE3AC80-FCD5-445F-B011-EA5C87182974}
	EndGlobalSection
EndGlobal
